
Microsoft Visual Studio Solution File, Format Version 12.00
# Visual Studio Version 16
VisualStudioVersion = 16.0.29306.81
MinimumVisualStudioVersion = 10.0.40219.1
Project("{FAE04EC0-301F-11D3-BF4B-00C04F79EFBC}") = "1. Reverse Strings", "1. Reverse Strings\1. Reverse Strings.csproj", "{5B2D1483-733D-4A88-8AE3-25C82FC2EFDB}"
EndProject
Global
	GlobalSection(SolutionConfigurationPlatforms) = preSolution
		Debug|Any CPU = Debug|Any CPU
		Release|Any CPU = Release|Any CPU
	EndGlobalSection
	GlobalSection(ProjectConfigurationPlatforms) = postSolution
		{5B2D1483-733D-4A88-8AE3-25C82FC2EFDB}.Debug|Any CPU.ActiveCfg = Debug|Any CPU
		{5B2D1483-733D-4A88-8AE3-25C82FC2EFDB}.Debug|Any CPU.Build.0 = Debug|Any CPU
		{5B2D1483-733D-4A88-8AE3-25C82FC2EFDB}.Release|Any CPU.ActiveCfg = Release|Any CPU
		{5B2D1483-733D-4A88-8AE3-25C82FC2EFDB}.Release|Any CPU.Build.0 = Release|Any CPU
	EndGlobalSection
	GlobalSection(SolutionProperties) = preSolution
		HideSolutionNode = FALSE
	EndGlobalSection
	GlobalSection(ExtensibilityGlobals) = postSolution
		SolutionGuid = {3C71B215-7529-4B2C-BA37-614EABC297A3}
	EndGlobalSection
EndGlobal
