
Microsoft Visual Studio Solution File, Format Version 12.00
# Visual Studio Version 16
VisualStudioVersion = 16.0.29306.81
MinimumVisualStudioVersion = 10.0.40219.1
Project("{9A19103F-16F7-4668-BE54-9A1E7A4F7556}") = "1. Diagonal Difference", "1. Diagonal Difference\1. Diagonal Difference.csproj", "{4C7CCF30-5043-4024-9579-F902AD8AAEF6}"
EndProject
Project("{9A19103F-16F7-4668-BE54-9A1E7A4F7556}") = "2. Squares in Matrix", "2. Squares in Matrix\2. Squares in Matrix.csproj", "{634F66DB-43AC-40A6-99A4-F421A420DCF8}"
EndProject
Project("{9A19103F-16F7-4668-BE54-9A1E7A4F7556}") = "3. Maximal Sum", "3. Maximal Sum\3. Maximal Sum.csproj", "{803FD1E1-2B86-4A40-B8AF-65BA4245473E}"
EndProject
Project("{9A19103F-16F7-4668-BE54-9A1E7A4F7556}") = "4. Matrix Shuffling", "4. Matrix Shuffling\4. Matrix Shuffling.csproj", "{E37C3976-22AD-498C-889D-AE575453A982}"
EndProject
Project("{9A19103F-16F7-4668-BE54-9A1E7A4F7556}") = "5. Snake Moves", "5. Snake Moves\5. Snake Moves.csproj", "{9B02C198-A59F-4594-9C3D-A03F623B2834}"
EndProject
Project("{9A19103F-16F7-4668-BE54-9A1E7A4F7556}") = "6. Jagged Array Manipulator", "6. Jagged Array Manipulator\6. Jagged Array Manipulator.csproj", "{AB5621B5-2F1F-4F40-938B-1BFEE87BFD18}"
EndProject
Project("{9A19103F-16F7-4668-BE54-9A1E7A4F7556}") = "7. Knight Game", "7. Knight Game\7. Knight Game.csproj", "{64EECAD8-2673-42A5-AF57-8CB87A5D980A}"
EndProject
Project("{9A19103F-16F7-4668-BE54-9A1E7A4F7556}") = "8. Bombs", "8. Bombs\8. Bombs.csproj", "{815B06A4-7191-4354-964E-B480D700C7DC}"
EndProject
Project("{FAE04EC0-301F-11D3-BF4B-00C04F79EFBC}") = "9. Miner", "9. Miner\9. Miner.csproj", "{81796986-7006-4861-830F-7F1ED4343C3B}"
EndProject
Project("{FAE04EC0-301F-11D3-BF4B-00C04F79EFBC}") = "10. Radioactive Mutant Vampire Bunnies", "10. Radioactive Mutant Vampire Bunnies\10. Radioactive Mutant Vampire Bunnies.csproj", "{7A65AD3D-EF9D-44B0-A8C0-66FFB94683AD}"
EndProject
Global
	GlobalSection(SolutionConfigurationPlatforms) = preSolution
		Debug|Any CPU = Debug|Any CPU
		Release|Any CPU = Release|Any CPU
	EndGlobalSection
	GlobalSection(ProjectConfigurationPlatforms) = postSolution
		{4C7CCF30-5043-4024-9579-F902AD8AAEF6}.Debug|Any CPU.ActiveCfg = Debug|Any CPU
		{4C7CCF30-5043-4024-9579-F902AD8AAEF6}.Debug|Any CPU.Build.0 = Debug|Any CPU
		{4C7CCF30-5043-4024-9579-F902AD8AAEF6}.Release|Any CPU.ActiveCfg = Release|Any CPU
		{4C7CCF30-5043-4024-9579-F902AD8AAEF6}.Release|Any CPU.Build.0 = Release|Any CPU
		{634F66DB-43AC-40A6-99A4-F421A420DCF8}.Debug|Any CPU.ActiveCfg = Debug|Any CPU
		{634F66DB-43AC-40A6-99A4-F421A420DCF8}.Debug|Any CPU.Build.0 = Debug|Any CPU
		{634F66DB-43AC-40A6-99A4-F421A420DCF8}.Release|Any CPU.ActiveCfg = Release|Any CPU
		{634F66DB-43AC-40A6-99A4-F421A420DCF8}.Release|Any CPU.Build.0 = Release|Any CPU
		{803FD1E1-2B86-4A40-B8AF-65BA4245473E}.Debug|Any CPU.ActiveCfg = Debug|Any CPU
		{803FD1E1-2B86-4A40-B8AF-65BA4245473E}.Debug|Any CPU.Build.0 = Debug|Any CPU
		{803FD1E1-2B86-4A40-B8AF-65BA4245473E}.Release|Any CPU.ActiveCfg = Release|Any CPU
		{803FD1E1-2B86-4A40-B8AF-65BA4245473E}.Release|Any CPU.Build.0 = Release|Any CPU
		{E37C3976-22AD-498C-889D-AE575453A982}.Debug|Any CPU.ActiveCfg = Debug|Any CPU
		{E37C3976-22AD-498C-889D-AE575453A982}.Debug|Any CPU.Build.0 = Debug|Any CPU
		{E37C3976-22AD-498C-889D-AE575453A982}.Release|Any CPU.ActiveCfg = Release|Any CPU
		{E37C3976-22AD-498C-889D-AE575453A982}.Release|Any CPU.Build.0 = Release|Any CPU
		{9B02C198-A59F-4594-9C3D-A03F623B2834}.Debug|Any CPU.ActiveCfg = Debug|Any CPU
		{9B02C198-A59F-4594-9C3D-A03F623B2834}.Debug|Any CPU.Build.0 = Debug|Any CPU
		{9B02C198-A59F-4594-9C3D-A03F623B2834}.Release|Any CPU.ActiveCfg = Release|Any CPU
		{9B02C198-A59F-4594-9C3D-A03F623B2834}.Release|Any CPU.Build.0 = Release|Any CPU
		{AB5621B5-2F1F-4F40-938B-1BFEE87BFD18}.Debug|Any CPU.ActiveCfg = Debug|Any CPU
		{AB5621B5-2F1F-4F40-938B-1BFEE87BFD18}.Debug|Any CPU.Build.0 = Debug|Any CPU
		{AB5621B5-2F1F-4F40-938B-1BFEE87BFD18}.Release|Any CPU.ActiveCfg = Release|Any CPU
		{AB5621B5-2F1F-4F40-938B-1BFEE87BFD18}.Release|Any CPU.Build.0 = Release|Any CPU
		{64EECAD8-2673-42A5-AF57-8CB87A5D980A}.Debug|Any CPU.ActiveCfg = Debug|Any CPU
		{64EECAD8-2673-42A5-AF57-8CB87A5D980A}.Debug|Any CPU.Build.0 = Debug|Any CPU
		{64EECAD8-2673-42A5-AF57-8CB87A5D980A}.Release|Any CPU.ActiveCfg = Release|Any CPU
		{64EECAD8-2673-42A5-AF57-8CB87A5D980A}.Release|Any CPU.Build.0 = Release|Any CPU
		{815B06A4-7191-4354-964E-B480D700C7DC}.Debug|Any CPU.ActiveCfg = Debug|Any CPU
		{815B06A4-7191-4354-964E-B480D700C7DC}.Debug|Any CPU.Build.0 = Debug|Any CPU
		{815B06A4-7191-4354-964E-B480D700C7DC}.Release|Any CPU.ActiveCfg = Release|Any CPU
		{815B06A4-7191-4354-964E-B480D700C7DC}.Release|Any CPU.Build.0 = Release|Any CPU
		{81796986-7006-4861-830F-7F1ED4343C3B}.Debug|Any CPU.ActiveCfg = Debug|Any CPU
		{81796986-7006-4861-830F-7F1ED4343C3B}.Debug|Any CPU.Build.0 = Debug|Any CPU
		{81796986-7006-4861-830F-7F1ED4343C3B}.Release|Any CPU.ActiveCfg = Release|Any CPU
		{81796986-7006-4861-830F-7F1ED4343C3B}.Release|Any CPU.Build.0 = Release|Any CPU
		{7A65AD3D-EF9D-44B0-A8C0-66FFB94683AD}.Debug|Any CPU.ActiveCfg = Debug|Any CPU
		{7A65AD3D-EF9D-44B0-A8C0-66FFB94683AD}.Debug|Any CPU.Build.0 = Debug|Any CPU
		{7A65AD3D-EF9D-44B0-A8C0-66FFB94683AD}.Release|Any CPU.ActiveCfg = Release|Any CPU
		{7A65AD3D-EF9D-44B0-A8C0-66FFB94683AD}.Release|Any CPU.Build.0 = Release|Any CPU
	EndGlobalSection
	GlobalSection(SolutionProperties) = preSolution
		HideSolutionNode = FALSE
	EndGlobalSection
	GlobalSection(ExtensibilityGlobals) = postSolution
		SolutionGuid = {555FCE82-CD42-4CC8-99F6-7B94D4CB7AB3}
	EndGlobalSection
EndGlobal
