
Microsoft Visual Studio Solution File, Format Version 12.00
# Visual Studio Version 16
VisualStudioVersion = 16.0.29411.108
MinimumVisualStudioVersion = 10.0.40219.1
Project("{9A19103F-16F7-4668-BE54-9A1E7A4F7556}") = "Socks", "Socks\Socks.csproj", "{3C915C96-5F28-4D37-B6BC-5D6E59DF19B0}"
EndProject
Project("{9A19103F-16F7-4668-BE54-9A1E7A4F7556}") = "Excel Functions", "Excel Functions\Excel Functions.csproj", "{C3CFDA15-4E21-41B3-9A31-A5CD593768FE}"
EndProject
Project("{9A19103F-16F7-4668-BE54-9A1E7A4F7556}") = "Repository", "Repository\Repository.csproj", "{B2CAD2A5-F6B0-4831-954B-7E698B8EF898}"
EndProject
Project("{9A19103F-16F7-4668-BE54-9A1E7A4F7556}") = "Door Lock", "Door Lock\Door Lock.csproj", "{2F3E859C-9AB9-462D-A2EC-95585CF67985}"
EndProject
Project("{9A19103F-16F7-4668-BE54-9A1E7A4F7556}") = "test", "test\test.csproj", "{E81B328F-BDE1-4907-9466-F464CC02F4ED}"
EndProject
Project("{9A19103F-16F7-4668-BE54-9A1E7A4F7556}") = "Tron Racers", "Tron Racers\Tron Racers.csproj", "{B79B889C-1357-4358-AC02-6303E0463C15}"
EndProject
Project("{9A19103F-16F7-4668-BE54-9A1E7A4F7556}") = "Heroes", "Heroes\Heroes.csproj", "{4B37A176-81BE-43DE-8B69-B26C3EFAA66A}"
EndProject
Project("{9A19103F-16F7-4668-BE54-9A1E7A4F7556}") = "Trojan Invasion", "Trojan Invasion\Trojan Invasion.csproj", "{9E367B94-9EAE-4922-AA9A-51D96AF3F911}"
EndProject
Project("{9A19103F-16F7-4668-BE54-9A1E7A4F7556}") = "HelensAbduction", "HelensAbduction\HelensAbduction.csproj", "{9CED08A5-3267-44D9-9658-9D423988E9EE}"
EndProject
Project("{9A19103F-16F7-4668-BE54-9A1E7A4F7556}") = "FightingArena", "FightingArena\FightingArena\FightingArena.csproj", "{7110BEFC-CF34-4E4D-BA2B-A743B3FFAAE4}"
EndProject
Project("{FAE04EC0-301F-11D3-BF4B-00C04F79EFBC}") = "SpaceshipCrafting", "SpaceshipCrafting\SpaceshipCrafting.csproj", "{D595D046-3D60-4612-9E80-6DCE43D4C423}"
EndProject
Project("{9A19103F-16F7-4668-BE54-9A1E7A4F7556}") = "SpaceStationRecruitment", "SpaceStationRecruitment\SpaceStationRecruitment.csproj", "{87DD932C-B406-4C58-9531-D1A80AC8D566}"
EndProject
Project("{FAE04EC0-301F-11D3-BF4B-00C04F79EFBC}") = "SpaceStationEstablishment", "SpaceStationEstablishment\SpaceStationEstablishment.csproj", "{B1FDB26A-551E-4CD1-B355-127B27961F49}"
EndProject
Global
	GlobalSection(SolutionConfigurationPlatforms) = preSolution
		Debug|Any CPU = Debug|Any CPU
		Release|Any CPU = Release|Any CPU
	EndGlobalSection
	GlobalSection(ProjectConfigurationPlatforms) = postSolution
		{3C915C96-5F28-4D37-B6BC-5D6E59DF19B0}.Debug|Any CPU.ActiveCfg = Debug|Any CPU
		{3C915C96-5F28-4D37-B6BC-5D6E59DF19B0}.Debug|Any CPU.Build.0 = Debug|Any CPU
		{3C915C96-5F28-4D37-B6BC-5D6E59DF19B0}.Release|Any CPU.ActiveCfg = Release|Any CPU
		{3C915C96-5F28-4D37-B6BC-5D6E59DF19B0}.Release|Any CPU.Build.0 = Release|Any CPU
		{C3CFDA15-4E21-41B3-9A31-A5CD593768FE}.Debug|Any CPU.ActiveCfg = Debug|Any CPU
		{C3CFDA15-4E21-41B3-9A31-A5CD593768FE}.Debug|Any CPU.Build.0 = Debug|Any CPU
		{C3CFDA15-4E21-41B3-9A31-A5CD593768FE}.Release|Any CPU.ActiveCfg = Release|Any CPU
		{C3CFDA15-4E21-41B3-9A31-A5CD593768FE}.Release|Any CPU.Build.0 = Release|Any CPU
		{B2CAD2A5-F6B0-4831-954B-7E698B8EF898}.Debug|Any CPU.ActiveCfg = Debug|Any CPU
		{B2CAD2A5-F6B0-4831-954B-7E698B8EF898}.Debug|Any CPU.Build.0 = Debug|Any CPU
		{B2CAD2A5-F6B0-4831-954B-7E698B8EF898}.Release|Any CPU.ActiveCfg = Release|Any CPU
		{B2CAD2A5-F6B0-4831-954B-7E698B8EF898}.Release|Any CPU.Build.0 = Release|Any CPU
		{2F3E859C-9AB9-462D-A2EC-95585CF67985}.Debug|Any CPU.ActiveCfg = Debug|Any CPU
		{2F3E859C-9AB9-462D-A2EC-95585CF67985}.Debug|Any CPU.Build.0 = Debug|Any CPU
		{2F3E859C-9AB9-462D-A2EC-95585CF67985}.Release|Any CPU.ActiveCfg = Release|Any CPU
		{2F3E859C-9AB9-462D-A2EC-95585CF67985}.Release|Any CPU.Build.0 = Release|Any CPU
		{E81B328F-BDE1-4907-9466-F464CC02F4ED}.Debug|Any CPU.ActiveCfg = Debug|Any CPU
		{E81B328F-BDE1-4907-9466-F464CC02F4ED}.Debug|Any CPU.Build.0 = Debug|Any CPU
		{E81B328F-BDE1-4907-9466-F464CC02F4ED}.Release|Any CPU.ActiveCfg = Release|Any CPU
		{E81B328F-BDE1-4907-9466-F464CC02F4ED}.Release|Any CPU.Build.0 = Release|Any CPU
		{B79B889C-1357-4358-AC02-6303E0463C15}.Debug|Any CPU.ActiveCfg = Debug|Any CPU
		{B79B889C-1357-4358-AC02-6303E0463C15}.Debug|Any CPU.Build.0 = Debug|Any CPU
		{B79B889C-1357-4358-AC02-6303E0463C15}.Release|Any CPU.ActiveCfg = Release|Any CPU
		{B79B889C-1357-4358-AC02-6303E0463C15}.Release|Any CPU.Build.0 = Release|Any CPU
		{4B37A176-81BE-43DE-8B69-B26C3EFAA66A}.Debug|Any CPU.ActiveCfg = Debug|Any CPU
		{4B37A176-81BE-43DE-8B69-B26C3EFAA66A}.Debug|Any CPU.Build.0 = Debug|Any CPU
		{4B37A176-81BE-43DE-8B69-B26C3EFAA66A}.Release|Any CPU.ActiveCfg = Release|Any CPU
		{4B37A176-81BE-43DE-8B69-B26C3EFAA66A}.Release|Any CPU.Build.0 = Release|Any CPU
		{9E367B94-9EAE-4922-AA9A-51D96AF3F911}.Debug|Any CPU.ActiveCfg = Debug|Any CPU
		{9E367B94-9EAE-4922-AA9A-51D96AF3F911}.Debug|Any CPU.Build.0 = Debug|Any CPU
		{9E367B94-9EAE-4922-AA9A-51D96AF3F911}.Release|Any CPU.ActiveCfg = Release|Any CPU
		{9E367B94-9EAE-4922-AA9A-51D96AF3F911}.Release|Any CPU.Build.0 = Release|Any CPU
		{9CED08A5-3267-44D9-9658-9D423988E9EE}.Debug|Any CPU.ActiveCfg = Debug|Any CPU
		{9CED08A5-3267-44D9-9658-9D423988E9EE}.Debug|Any CPU.Build.0 = Debug|Any CPU
		{9CED08A5-3267-44D9-9658-9D423988E9EE}.Release|Any CPU.ActiveCfg = Release|Any CPU
		{9CED08A5-3267-44D9-9658-9D423988E9EE}.Release|Any CPU.Build.0 = Release|Any CPU
		{7110BEFC-CF34-4E4D-BA2B-A743B3FFAAE4}.Debug|Any CPU.ActiveCfg = Debug|Any CPU
		{7110BEFC-CF34-4E4D-BA2B-A743B3FFAAE4}.Debug|Any CPU.Build.0 = Debug|Any CPU
		{7110BEFC-CF34-4E4D-BA2B-A743B3FFAAE4}.Release|Any CPU.ActiveCfg = Release|Any CPU
		{7110BEFC-CF34-4E4D-BA2B-A743B3FFAAE4}.Release|Any CPU.Build.0 = Release|Any CPU
		{D595D046-3D60-4612-9E80-6DCE43D4C423}.Debug|Any CPU.ActiveCfg = Debug|Any CPU
		{D595D046-3D60-4612-9E80-6DCE43D4C423}.Debug|Any CPU.Build.0 = Debug|Any CPU
		{D595D046-3D60-4612-9E80-6DCE43D4C423}.Release|Any CPU.ActiveCfg = Release|Any CPU
		{D595D046-3D60-4612-9E80-6DCE43D4C423}.Release|Any CPU.Build.0 = Release|Any CPU
		{87DD932C-B406-4C58-9531-D1A80AC8D566}.Debug|Any CPU.ActiveCfg = Debug|Any CPU
		{87DD932C-B406-4C58-9531-D1A80AC8D566}.Debug|Any CPU.Build.0 = Debug|Any CPU
		{87DD932C-B406-4C58-9531-D1A80AC8D566}.Release|Any CPU.ActiveCfg = Release|Any CPU
		{87DD932C-B406-4C58-9531-D1A80AC8D566}.Release|Any CPU.Build.0 = Release|Any CPU
		{B1FDB26A-551E-4CD1-B355-127B27961F49}.Debug|Any CPU.ActiveCfg = Debug|Any CPU
		{B1FDB26A-551E-4CD1-B355-127B27961F49}.Debug|Any CPU.Build.0 = Debug|Any CPU
		{B1FDB26A-551E-4CD1-B355-127B27961F49}.Release|Any CPU.ActiveCfg = Release|Any CPU
		{B1FDB26A-551E-4CD1-B355-127B27961F49}.Release|Any CPU.Build.0 = Release|Any CPU
	EndGlobalSection
	GlobalSection(SolutionProperties) = preSolution
		HideSolutionNode = FALSE
	EndGlobalSection
	GlobalSection(ExtensibilityGlobals) = postSolution
		SolutionGuid = {C710236F-29D1-4446-A7E3-7BF674659514}
	EndGlobalSection
EndGlobal
