
Microsoft Visual Studio Solution File, Format Version 12.00
# Visual Studio Version 16
VisualStudioVersion = 16.0.29409.12
MinimumVisualStudioVersion = 10.0.40219.1
Project("{9A19103F-16F7-4668-BE54-9A1E7A4F7556}") = "01. Box", "01. Box\01. Box.csproj", "{FA7B0328-7921-4239-8C72-4D79C870DD18}"
EndProject
Project("{FAE04EC0-301F-11D3-BF4B-00C04F79EFBC}") = "02. Array Creator", "02. Array Creator\02. Array Creator.csproj", "{2ED7FBA7-860D-4DA9-A05C-77850E1B9A7D}"
EndProject
Project("{FAE04EC0-301F-11D3-BF4B-00C04F79EFBC}") = "03. Generic Scale", "03. Generic Scale\03. Generic Scale.csproj", "{17C22077-977E-40C2-9EE0-84D3C2F7FBE8}"
EndProject
Global
	GlobalSection(SolutionConfigurationPlatforms) = preSolution
		Debug|Any CPU = Debug|Any CPU
		Release|Any CPU = Release|Any CPU
	EndGlobalSection
	GlobalSection(ProjectConfigurationPlatforms) = postSolution
		{FA7B0328-7921-4239-8C72-4D79C870DD18}.Debug|Any CPU.ActiveCfg = Debug|Any CPU
		{FA7B0328-7921-4239-8C72-4D79C870DD18}.Debug|Any CPU.Build.0 = Debug|Any CPU
		{FA7B0328-7921-4239-8C72-4D79C870DD18}.Release|Any CPU.ActiveCfg = Release|Any CPU
		{FA7B0328-7921-4239-8C72-4D79C870DD18}.Release|Any CPU.Build.0 = Release|Any CPU
		{2ED7FBA7-860D-4DA9-A05C-77850E1B9A7D}.Debug|Any CPU.ActiveCfg = Debug|Any CPU
		{2ED7FBA7-860D-4DA9-A05C-77850E1B9A7D}.Debug|Any CPU.Build.0 = Debug|Any CPU
		{2ED7FBA7-860D-4DA9-A05C-77850E1B9A7D}.Release|Any CPU.ActiveCfg = Release|Any CPU
		{2ED7FBA7-860D-4DA9-A05C-77850E1B9A7D}.Release|Any CPU.Build.0 = Release|Any CPU
		{17C22077-977E-40C2-9EE0-84D3C2F7FBE8}.Debug|Any CPU.ActiveCfg = Debug|Any CPU
		{17C22077-977E-40C2-9EE0-84D3C2F7FBE8}.Debug|Any CPU.Build.0 = Debug|Any CPU
		{17C22077-977E-40C2-9EE0-84D3C2F7FBE8}.Release|Any CPU.ActiveCfg = Release|Any CPU
		{17C22077-977E-40C2-9EE0-84D3C2F7FBE8}.Release|Any CPU.Build.0 = Release|Any CPU
	EndGlobalSection
	GlobalSection(SolutionProperties) = preSolution
		HideSolutionNode = FALSE
	EndGlobalSection
	GlobalSection(ExtensibilityGlobals) = postSolution
		SolutionGuid = {B6B9A45B-A0E2-48A2-8FB3-014AFAA68DBB}
	EndGlobalSection
EndGlobal
