
Microsoft Visual Studio Solution File, Format Version 12.00
# Visual Studio Version 16
VisualStudioVersion = 16.0.29411.108
MinimumVisualStudioVersion = 10.0.40219.1
Project("{9A19103F-16F7-4668-BE54-9A1E7A4F7556}") = "ListyIterator", "ListyIterator\ListyIterator.csproj", "{976CEDD5-B29F-4E77-9D80-3096AEAE8CA6}"
EndProject
Project("{9A19103F-16F7-4668-BE54-9A1E7A4F7556}") = "Froggy", "Froggy\Froggy.csproj", "{23A46D2A-594A-4E35-BAA7-B0FA8DC9C2BC}"
EndProject
Project("{9A19103F-16F7-4668-BE54-9A1E7A4F7556}") = "ComparingObjects", "ComparingObjects\ComparingObjects.csproj", "{B579C94C-0CB3-4153-B3C8-3772555FE5F4}"
EndProject
Project("{FAE04EC0-301F-11D3-BF4B-00C04F79EFBC}") = "EqualityLogic", "EqualityLogic\EqualityLogic.csproj", "{AB7AE5CC-32D7-4FFA-8B78-92174935B88E}"
EndProject
Project("{9A19103F-16F7-4668-BE54-9A1E7A4F7556}") = "Workshop", "CustomLinkedList\Workshop.csproj", "{9D823ED5-9829-4D45-8449-0D75A27DBF1D}"
EndProject
Global
	GlobalSection(SolutionConfigurationPlatforms) = preSolution
		Debug|Any CPU = Debug|Any CPU
		Release|Any CPU = Release|Any CPU
	EndGlobalSection
	GlobalSection(ProjectConfigurationPlatforms) = postSolution
		{976CEDD5-B29F-4E77-9D80-3096AEAE8CA6}.Debug|Any CPU.ActiveCfg = Debug|Any CPU
		{976CEDD5-B29F-4E77-9D80-3096AEAE8CA6}.Debug|Any CPU.Build.0 = Debug|Any CPU
		{976CEDD5-B29F-4E77-9D80-3096AEAE8CA6}.Release|Any CPU.ActiveCfg = Release|Any CPU
		{976CEDD5-B29F-4E77-9D80-3096AEAE8CA6}.Release|Any CPU.Build.0 = Release|Any CPU
		{23A46D2A-594A-4E35-BAA7-B0FA8DC9C2BC}.Debug|Any CPU.ActiveCfg = Debug|Any CPU
		{23A46D2A-594A-4E35-BAA7-B0FA8DC9C2BC}.Debug|Any CPU.Build.0 = Debug|Any CPU
		{23A46D2A-594A-4E35-BAA7-B0FA8DC9C2BC}.Release|Any CPU.ActiveCfg = Release|Any CPU
		{23A46D2A-594A-4E35-BAA7-B0FA8DC9C2BC}.Release|Any CPU.Build.0 = Release|Any CPU
		{B579C94C-0CB3-4153-B3C8-3772555FE5F4}.Debug|Any CPU.ActiveCfg = Debug|Any CPU
		{B579C94C-0CB3-4153-B3C8-3772555FE5F4}.Debug|Any CPU.Build.0 = Debug|Any CPU
		{B579C94C-0CB3-4153-B3C8-3772555FE5F4}.Release|Any CPU.ActiveCfg = Release|Any CPU
		{B579C94C-0CB3-4153-B3C8-3772555FE5F4}.Release|Any CPU.Build.0 = Release|Any CPU
		{AB7AE5CC-32D7-4FFA-8B78-92174935B88E}.Debug|Any CPU.ActiveCfg = Debug|Any CPU
		{AB7AE5CC-32D7-4FFA-8B78-92174935B88E}.Debug|Any CPU.Build.0 = Debug|Any CPU
		{AB7AE5CC-32D7-4FFA-8B78-92174935B88E}.Release|Any CPU.ActiveCfg = Release|Any CPU
		{AB7AE5CC-32D7-4FFA-8B78-92174935B88E}.Release|Any CPU.Build.0 = Release|Any CPU
		{9D823ED5-9829-4D45-8449-0D75A27DBF1D}.Debug|Any CPU.ActiveCfg = Debug|Any CPU
		{9D823ED5-9829-4D45-8449-0D75A27DBF1D}.Debug|Any CPU.Build.0 = Debug|Any CPU
		{9D823ED5-9829-4D45-8449-0D75A27DBF1D}.Release|Any CPU.ActiveCfg = Release|Any CPU
		{9D823ED5-9829-4D45-8449-0D75A27DBF1D}.Release|Any CPU.Build.0 = Release|Any CPU
	EndGlobalSection
	GlobalSection(SolutionProperties) = preSolution
		HideSolutionNode = FALSE
	EndGlobalSection
	GlobalSection(ExtensibilityGlobals) = postSolution
		SolutionGuid = {44460882-657C-4E03-80B8-7764F0B8CB2A}
	EndGlobalSection
EndGlobal
